
Microsoft Visual Studio Solution File, Format Version 12.00
# Visual Studio Version 16
VisualStudioVersion = 16.0.30717.126
MinimumVisualStudioVersion = 10.0.40219.1
Project("{9A19103F-16F7-4668-BE54-9A1E7A4F7556}") = "Ruanmou.Core.Project", "Ruanmou.Core.Project\Ruanmou.Core.Project.csproj", "{03061E7F-18ED-4163-BF2C-A94446770663}"
EndProject
Project("{FAE04EC0-301F-11D3-BF4B-00C04F79EFBC}") = "Ruanmou.Core.MVC", "Ruanmou.Core.MVC\Ruanmou.Core.MVC.csproj", "{777E514B-10FA-428D-A6F8-090F8DAFA4D8}"
EndProject
Global
	GlobalSection(SolutionConfigurationPlatforms) = preSolution
		Debug|Any CPU = Debug|Any CPU
		Release|Any CPU = Release|Any CPU
	EndGlobalSection
	GlobalSection(ProjectConfigurationPlatforms) = postSolution
		{03061E7F-18ED-4163-BF2C-A94446770663}.Debug|Any CPU.ActiveCfg = Debug|Any CPU
		{03061E7F-18ED-4163-BF2C-A94446770663}.Debug|Any CPU.Build.0 = Debug|Any CPU
		{03061E7F-18ED-4163-BF2C-A94446770663}.Release|Any CPU.ActiveCfg = Release|Any CPU
		{03061E7F-18ED-4163-BF2C-A94446770663}.Release|Any CPU.Build.0 = Release|Any CPU
		{777E514B-10FA-428D-A6F8-090F8DAFA4D8}.Debug|Any CPU.ActiveCfg = Debug|Any CPU
		{777E514B-10FA-428D-A6F8-090F8DAFA4D8}.Debug|Any CPU.Build.0 = Debug|Any CPU
		{777E514B-10FA-428D-A6F8-090F8DAFA4D8}.Release|Any CPU.ActiveCfg = Release|Any CPU
		{777E514B-10FA-428D-A6F8-090F8DAFA4D8}.Release|Any CPU.Build.0 = Release|Any CPU
	EndGlobalSection
	GlobalSection(SolutionProperties) = preSolution
		HideSolutionNode = FALSE
	EndGlobalSection
	GlobalSection(ExtensibilityGlobals) = postSolution
		SolutionGuid = {D3B73A70-3990-4F48-9F67-8261B9D5E89D}
	EndGlobalSection
EndGlobal
